
Microsoft Visual Studio Solution File, Format Version 12.00
# Visual Studio Version 17
VisualStudioVersion = 17.0.31903.59
MinimumVisualStudioVersion = 10.0.40219.1
Project("{2150E333-8FDC-42A3-9474-1A3956D46DE8}") = "src", "src", "{827E0CD3-B72D-47B6-A68D-7590B98EB39B}"
EndProject
Project("{FAE04EC0-301F-11D3-BF4B-00C04F79EFBC}") = "Tidalarr", "src\Tidalarr\Tidalarr.csproj", "{DBE67B73-4952-48B6-86B8-D823D92067AD}"
EndProject
Project("{2150E333-8FDC-42A3-9474-1A3956D46DE8}") = "temp", "temp", "{29F3AA1B-6D75-C75D-9183-749A65CD24A7}"
EndProject
Project("{2150E333-8FDC-42A3-9474-1A3956D46DE8}") = "Lidarr.Plugin.Common", "Lidarr.Plugin.Common", "{D1778223-09B4-641C-E1CD-563AB2393D27}"
EndProject
Project("{2150E333-8FDC-42A3-9474-1A3956D46DE8}") = "src", "src", "{58A4A048-C098-AF88-4F46-D4BA20DE053E}"
EndProject
Project("{FAE04EC0-301F-11D3-BF4B-00C04F79EFBC}") = "Lidarr.Plugin.Common", "temp\Lidarr.Plugin.Common\src\Lidarr.Plugin.Common.csproj", "{7C5FFA77-8F28-4C32-B642-C92DD7697792}"
EndProject
Project("{2150E333-8FDC-42A3-9474-1A3956D46DE8}") = "tests", "tests", "{0AB3BF05-4346-4AA6-1389-037BE0695223}"
EndProject
Project("{FAE04EC0-301F-11D3-BF4B-00C04F79EFBC}") = "Tidalarr.Tests", "tests\Tidalarr.Tests\Tidalarr.Tests.csproj", "{08EEBC7E-2379-403D-9737-55ED40391A1A}"
EndProject
Project("{FAE04EC0-301F-11D3-BF4B-00C04F79EFBC}") = "TidalCLI", "TidalCLI\TidalCLI.csproj", "{0FE0290D-E39B-4BEF-9AE1-0CDF70AAA98C}"
EndProject
Global
	GlobalSection(SolutionConfigurationPlatforms) = preSolution
		Debug|Any CPU = Debug|Any CPU
		Debug|x64 = Debug|x64
		Debug|x86 = Debug|x86
		Release|Any CPU = Release|Any CPU
		Release|x64 = Release|x64
		Release|x86 = Release|x86
	EndGlobalSection
	GlobalSection(ProjectConfigurationPlatforms) = postSolution
		{DBE67B73-4952-48B6-86B8-D823D92067AD}.Debug|Any CPU.ActiveCfg = Debug|Any CPU
		{DBE67B73-4952-48B6-86B8-D823D92067AD}.Debug|Any CPU.Build.0 = Debug|Any CPU
		{DBE67B73-4952-48B6-86B8-D823D92067AD}.Debug|x64.ActiveCfg = Debug|Any CPU
		{DBE67B73-4952-48B6-86B8-D823D92067AD}.Debug|x64.Build.0 = Debug|Any CPU
		{DBE67B73-4952-48B6-86B8-D823D92067AD}.Debug|x86.ActiveCfg = Debug|Any CPU
		{DBE67B73-4952-48B6-86B8-D823D92067AD}.Debug|x86.Build.0 = Debug|Any CPU
		{DBE67B73-4952-48B6-86B8-D823D92067AD}.Release|Any CPU.ActiveCfg = Release|Any CPU
		{DBE67B73-4952-48B6-86B8-D823D92067AD}.Release|Any CPU.Build.0 = Release|Any CPU
		{DBE67B73-4952-48B6-86B8-D823D92067AD}.Release|x64.ActiveCfg = Release|Any CPU
		{DBE67B73-4952-48B6-86B8-D823D92067AD}.Release|x64.Build.0 = Release|Any CPU
		{DBE67B73-4952-48B6-86B8-D823D92067AD}.Release|x86.ActiveCfg = Release|Any CPU
		{DBE67B73-4952-48B6-86B8-D823D92067AD}.Release|x86.Build.0 = Release|Any CPU
		{7C5FFA77-8F28-4C32-B642-C92DD7697792}.Debug|Any CPU.ActiveCfg = Debug|Any CPU
		{7C5FFA77-8F28-4C32-B642-C92DD7697792}.Debug|Any CPU.Build.0 = Debug|Any CPU
		{7C5FFA77-8F28-4C32-B642-C92DD7697792}.Debug|x64.ActiveCfg = Debug|Any CPU
		{7C5FFA77-8F28-4C32-B642-C92DD7697792}.Debug|x64.Build.0 = Debug|Any CPU
		{7C5FFA77-8F28-4C32-B642-C92DD7697792}.Debug|x86.ActiveCfg = Debug|Any CPU
		{7C5FFA77-8F28-4C32-B642-C92DD7697792}.Debug|x86.Build.0 = Debug|Any CPU
		{7C5FFA77-8F28-4C32-B642-C92DD7697792}.Release|Any CPU.ActiveCfg = Release|Any CPU
		{7C5FFA77-8F28-4C32-B642-C92DD7697792}.Release|Any CPU.Build.0 = Release|Any CPU
		{7C5FFA77-8F28-4C32-B642-C92DD7697792}.Release|x64.ActiveCfg = Release|Any CPU
		{7C5FFA77-8F28-4C32-B642-C92DD7697792}.Release|x64.Build.0 = Release|Any CPU
		{7C5FFA77-8F28-4C32-B642-C92DD7697792}.Release|x86.ActiveCfg = Release|Any CPU
		{7C5FFA77-8F28-4C32-B642-C92DD7697792}.Release|x86.Build.0 = Release|Any CPU
		{08EEBC7E-2379-403D-9737-55ED40391A1A}.Debug|Any CPU.ActiveCfg = Debug|Any CPU
		{08EEBC7E-2379-403D-9737-55ED40391A1A}.Debug|Any CPU.Build.0 = Debug|Any CPU
		{08EEBC7E-2379-403D-9737-55ED40391A1A}.Debug|x64.ActiveCfg = Debug|Any CPU
		{08EEBC7E-2379-403D-9737-55ED40391A1A}.Debug|x64.Build.0 = Debug|Any CPU
		{08EEBC7E-2379-403D-9737-55ED40391A1A}.Debug|x86.ActiveCfg = Debug|Any CPU
		{08EEBC7E-2379-403D-9737-55ED40391A1A}.Debug|x86.Build.0 = Debug|Any CPU
		{08EEBC7E-2379-403D-9737-55ED40391A1A}.Release|Any CPU.ActiveCfg = Release|Any CPU
		{08EEBC7E-2379-403D-9737-55ED40391A1A}.Release|Any CPU.Build.0 = Release|Any CPU
		{08EEBC7E-2379-403D-9737-55ED40391A1A}.Release|x64.ActiveCfg = Release|Any CPU
		{08EEBC7E-2379-403D-9737-55ED40391A1A}.Release|x64.Build.0 = Release|Any CPU
		{08EEBC7E-2379-403D-9737-55ED40391A1A}.Release|x86.ActiveCfg = Release|Any CPU
		{08EEBC7E-2379-403D-9737-55ED40391A1A}.Release|x86.Build.0 = Release|Any CPU
		{0FE0290D-E39B-4BEF-9AE1-0CDF70AAA98C}.Debug|Any CPU.ActiveCfg = Debug|Any CPU
		{0FE0290D-E39B-4BEF-9AE1-0CDF70AAA98C}.Debug|Any CPU.Build.0 = Debug|Any CPU
		{0FE0290D-E39B-4BEF-9AE1-0CDF70AAA98C}.Debug|x64.ActiveCfg = Debug|Any CPU
		{0FE0290D-E39B-4BEF-9AE1-0CDF70AAA98C}.Debug|x64.Build.0 = Debug|Any CPU
		{0FE0290D-E39B-4BEF-9AE1-0CDF70AAA98C}.Debug|x86.ActiveCfg = Debug|Any CPU
		{0FE0290D-E39B-4BEF-9AE1-0CDF70AAA98C}.Debug|x86.Build.0 = Debug|Any CPU
		{0FE0290D-E39B-4BEF-9AE1-0CDF70AAA98C}.Release|Any CPU.ActiveCfg = Release|Any CPU
		{0FE0290D-E39B-4BEF-9AE1-0CDF70AAA98C}.Release|Any CPU.Build.0 = Release|Any CPU
		{0FE0290D-E39B-4BEF-9AE1-0CDF70AAA98C}.Release|x64.ActiveCfg = Release|Any CPU
		{0FE0290D-E39B-4BEF-9AE1-0CDF70AAA98C}.Release|x64.Build.0 = Release|Any CPU
		{0FE0290D-E39B-4BEF-9AE1-0CDF70AAA98C}.Release|x86.ActiveCfg = Release|Any CPU
		{0FE0290D-E39B-4BEF-9AE1-0CDF70AAA98C}.Release|x86.Build.0 = Release|Any CPU
	EndGlobalSection
	GlobalSection(SolutionProperties) = preSolution
		HideSolutionNode = FALSE
	EndGlobalSection
	GlobalSection(NestedProjects) = preSolution
		{DBE67B73-4952-48B6-86B8-D823D92067AD} = {827E0CD3-B72D-47B6-A68D-7590B98EB39B}
		{D1778223-09B4-641C-E1CD-563AB2393D27} = {29F3AA1B-6D75-C75D-9183-749A65CD24A7}
		{58A4A048-C098-AF88-4F46-D4BA20DE053E} = {D1778223-09B4-641C-E1CD-563AB2393D27}
		{7C5FFA77-8F28-4C32-B642-C92DD7697792} = {58A4A048-C098-AF88-4F46-D4BA20DE053E}
		{08EEBC7E-2379-403D-9737-55ED40391A1A} = {0AB3BF05-4346-4AA6-1389-037BE0695223}
	EndGlobalSection
EndGlobal
